{
    "name": "lab",
    "version": "1.0.0",
    "dependencies": {
      "react": {
        "version": "17.0.2",
        "resolved": "https://registry.npmjs.org/react/-/react-17.0.2.tgz",
        "requires": {
          "prop-types": "^15.7.2",
          "react-dom": "^17.0.2"
        }
      },
      "react-dom": {
        "version": "17.0.2",
        "resolved": "https://registry.npmjs.org/react-dom/-/react-dom-17.0.2.tgz",
        "requires": {
          "react": "^17.0.2"
        }
      }
    },
    "devDependencies": {},
    "optionalDependencies": {},
    "peerDependencies": {},
    "scripts": {
      "start": "webpack-dev-server --config webpack.config.js"
    },
    "keywords": [],
    "author": "Alena Vasileva",
    "license": "MIT",
    "dependenciesCount": 2,
    "requiredBy": []
  }